
Microsoft Visual Studio Solution File, Format Version 12.00
# Visual Studio Version 17
VisualStudioVersion = 17.6.33829.357
MinimumVisualStudioVersion = 10.0.40219.1
Project("{FAE04EC0-301F-11D3-BF4B-00C04F79EFBC}") = "FoodFacilities.Domain", "FoodFacilities.Domain\FoodFacilities.Domain.csproj", "{174F56C7-9FCA-48F0-B67D-3F026BA71A4E}"
EndProject
Project("{FAE04EC0-301F-11D3-BF4B-00C04F79EFBC}") = "FoodFacilities.Application", "FoodFacilities.Application\FoodFacilities.Application.csproj", "{48CC93EE-1240-4DB2-8DD8-AF44BB9F84F1}"
EndProject
Project("{2150E333-8FDC-42A3-9474-1A3956D46DE8}") = "Adapters", "Adapters", "{4DCC25A3-14DB-4690-A3CD-CD8B639F4290}"
EndProject
Project("{2150E333-8FDC-42A3-9474-1A3956D46DE8}") = "Driving", "Driving", "{0EDA2BB5-25EF-45B9-91EF-A6FC9C352816}"
EndProject
Project("{2150E333-8FDC-42A3-9474-1A3956D46DE8}") = "Driven", "Driven", "{711B44E7-9A6B-46CB-A6CC-9BB0176D1F62}"
EndProject
Project("{FAE04EC0-301F-11D3-BF4B-00C04F79EFBC}") = "FoodFacilities.Adapters.Driving.WebApi", "FoodFacilities.Adapters.Driving.WebApi\FoodFacilities.Adapters.Driving.WebApi.csproj", "{0632EC4C-42E0-401E-84CF-7429B5FF43E8}"
EndProject
Project("{2150E333-8FDC-42A3-9474-1A3956D46DE8}") = "Database", "Database", "{FE4D224A-36B4-4789-9DD8-E69A958D1642}"
	ProjectSection(SolutionItems) = preProject
		Database\Database.csv = Database\Database.csv
	EndProjectSection
EndProject
Global
	GlobalSection(SolutionConfigurationPlatforms) = preSolution
		Debug|Any CPU = Debug|Any CPU
		Release|Any CPU = Release|Any CPU
	EndGlobalSection
	GlobalSection(ProjectConfigurationPlatforms) = postSolution
		{174F56C7-9FCA-48F0-B67D-3F026BA71A4E}.Debug|Any CPU.ActiveCfg = Debug|Any CPU
		{174F56C7-9FCA-48F0-B67D-3F026BA71A4E}.Debug|Any CPU.Build.0 = Debug|Any CPU
		{174F56C7-9FCA-48F0-B67D-3F026BA71A4E}.Release|Any CPU.ActiveCfg = Release|Any CPU
		{174F56C7-9FCA-48F0-B67D-3F026BA71A4E}.Release|Any CPU.Build.0 = Release|Any CPU
		{48CC93EE-1240-4DB2-8DD8-AF44BB9F84F1}.Debug|Any CPU.ActiveCfg = Debug|Any CPU
		{48CC93EE-1240-4DB2-8DD8-AF44BB9F84F1}.Debug|Any CPU.Build.0 = Debug|Any CPU
		{48CC93EE-1240-4DB2-8DD8-AF44BB9F84F1}.Release|Any CPU.ActiveCfg = Release|Any CPU
		{48CC93EE-1240-4DB2-8DD8-AF44BB9F84F1}.Release|Any CPU.Build.0 = Release|Any CPU
		{0632EC4C-42E0-401E-84CF-7429B5FF43E8}.Debug|Any CPU.ActiveCfg = Debug|Any CPU
		{0632EC4C-42E0-401E-84CF-7429B5FF43E8}.Debug|Any CPU.Build.0 = Debug|Any CPU
		{0632EC4C-42E0-401E-84CF-7429B5FF43E8}.Release|Any CPU.ActiveCfg = Release|Any CPU
		{0632EC4C-42E0-401E-84CF-7429B5FF43E8}.Release|Any CPU.Build.0 = Release|Any CPU
	EndGlobalSection
	GlobalSection(SolutionProperties) = preSolution
		HideSolutionNode = FALSE
	EndGlobalSection
	GlobalSection(NestedProjects) = preSolution
		{0EDA2BB5-25EF-45B9-91EF-A6FC9C352816} = {4DCC25A3-14DB-4690-A3CD-CD8B639F4290}
		{711B44E7-9A6B-46CB-A6CC-9BB0176D1F62} = {4DCC25A3-14DB-4690-A3CD-CD8B639F4290}
		{0632EC4C-42E0-401E-84CF-7429B5FF43E8} = {0EDA2BB5-25EF-45B9-91EF-A6FC9C352816}
	EndGlobalSection
	GlobalSection(ExtensibilityGlobals) = postSolution
		SolutionGuid = {9FE54FA3-F5A0-4149-834A-15FEBBA222E3}
	EndGlobalSection
EndGlobal
